// !$*UTF8*$!
{
	archiveVersion = 1;
	classes = {
	};
	objectVersion = 77;
	objects = {

/* Begin PBXBuildFile section */
		D45F5A2D2FB91E6000DD8847 /* Waqt Extension.appex in Embed Foundation Extensions */ = {isa = PBXBuildFile; fileRef = D45F5A2C2FB91E6000DD8847 /* Waqt Extension.appex */; settings = {ATTRIBUTES = (RemoveHeadersOnCopy, ); }; };
		D45F5A372FB91E6000DD8847 /* Waqt Extension.appex in Embed Foundation Extensions */ = {isa = PBXBuildFile; fileRef = D45F5A362FB91E6000DD8847 /* Waqt Extension.appex */; settings = {ATTRIBUTES = (RemoveHeadersOnCopy, ); }; };
/* End PBXBuildFile section */

/* Begin PBXContainerItemProxy section */
		D45F5A2E2FB91E6000DD8847 /* PBXContainerItemProxy */ = {
			isa = PBXContainerItemProxy;
			containerPortal = D45F59F32FB91E5C00DD8847 /* Project object */;
			proxyType = 1;
			remoteGlobalIDString = D45F5A2B2FB91E6000DD8847;
			remoteInfo = "Waqt Extension (iOS)";
		};
		D45F5A382FB91E6000DD8847 /* PBXContainerItemProxy */ = {
			isa = PBXContainerItemProxy;
			containerPortal = D45F59F32FB91E5C00DD8847 /* Project object */;
			proxyType = 1;
			remoteGlobalIDString = D45F5A352FB91E6000DD8847;
			remoteInfo = "Waqt Extension (macOS)";
		};
/* End PBXContainerItemProxy section */

/* Begin PBXCopyFilesBuildPhase section */
		D45F5A5F2FB91E6000DD8847 /* Embed Foundation Extensions */ = {
			isa = PBXCopyFilesBuildPhase;
			buildActionMask = 2147483647;
			dstPath = "";
			dstSubfolderSpec = 13;
			files = (
				D45F5A2D2FB91E6000DD8847 /* Waqt Extension.appex in Embed Foundation Extensions */,
			);
			name = "Embed Foundation Extensions";
			runOnlyForDeploymentPostprocessing = 0;
		};
		D45F5A692FB91E6000DD8847 /* Embed Foundation Extensions */ = {
			isa = PBXCopyFilesBuildPhase;
			buildActionMask = 2147483647;
			dstPath = "";
			dstSubfolderSpec = 13;
			files = (
				D45F5A372FB91E6000DD8847 /* Waqt Extension.appex in Embed Foundation Extensions */,
			);
			name = "Embed Foundation Extensions";
			runOnlyForDeploymentPostprocessing = 0;
		};
/* End PBXCopyFilesBuildPhase section */

/* Begin PBXFileReference section */
		D45F5A0F2FB91E6000DD8847 /* Waqt.app */ = {isa = PBXFileReference; explicitFileType = wrapper.application; includeInIndex = 0; path = Waqt.app; sourceTree = BUILT_PRODUCTS_DIR; };
		D45F5A212FB91E6000DD8847 /* Waqt.app */ = {isa = PBXFileReference; explicitFileType = wrapper.application; includeInIndex = 0; path = Waqt.app; sourceTree = BUILT_PRODUCTS_DIR; };
		D45F5A2C2FB91E6000DD8847 /* Waqt Extension.appex */ = {isa = PBXFileReference; explicitFileType = "wrapper.app-extension"; includeInIndex = 0; path = "Waqt Extension.appex"; sourceTree = BUILT_PRODUCTS_DIR; };
		D45F5A362FB91E6000DD8847 /* Waqt Extension.appex */ = {isa = PBXFileReference; explicitFileType = "wrapper.app-extension"; includeInIndex = 0; path = "Waqt Extension.appex"; sourceTree = BUILT_PRODUCTS_DIR; };
/* End PBXFileReference section */

/* Begin PBXFileSystemSynchronizedBuildFileExceptionSet section */
		D45F5A5A2FB91E6000DD8847 /* Exceptions for "Shared (App)" folder in "Waqt (iOS)" target */ = {
			isa = PBXFileSystemSynchronizedBuildFileExceptionSet;
			membershipExceptions = (
				"/Localized: Resources/Main.html",
				Assets.xcassets,
				Resources/Icon.png,
				Resources/Script.js,
				Resources/Style.css,
				ViewController.swift,
			);
			target = D45F5A0E2FB91E6000DD8847 /* Waqt (iOS) */;
		};
		D45F5A5E2FB91E6000DD8847 /* Exceptions for "iOS (Extension)" folder in "Waqt Extension (iOS)" target */ = {
			isa = PBXFileSystemSynchronizedBuildFileExceptionSet;
			membershipExceptions = (
				Info.plist,
			);
			target = D45F5A2B2FB91E6000DD8847 /* Waqt Extension (iOS) */;
		};
		D45F5A632FB91E6000DD8847 /* Exceptions for "iOS (App)" folder in "Waqt (iOS)" target */ = {
			isa = PBXFileSystemSynchronizedBuildFileExceptionSet;
			membershipExceptions = (
				Info.plist,
			);
			target = D45F5A0E2FB91E6000DD8847 /* Waqt (iOS) */;
		};
		D45F5A642FB91E6000DD8847 /* Exceptions for "Shared (App)" folder in "Waqt (macOS)" target */ = {
			isa = PBXFileSystemSynchronizedBuildFileExceptionSet;
			membershipExceptions = (
				"/Localized: Resources/Main.html",
				Assets.xcassets,
				Resources/Icon.png,
				Resources/Script.js,
				Resources/Style.css,
				ViewController.swift,
			);
			target = D45F5A202FB91E6000DD8847 /* Waqt (macOS) */;
		};
		D45F5A682FB91E6000DD8847 /* Exceptions for "macOS (Extension)" folder in "Waqt Extension (macOS)" target */ = {
			isa = PBXFileSystemSynchronizedBuildFileExceptionSet;
			membershipExceptions = (
				Info.plist,
			);
			target = D45F5A352FB91E6000DD8847 /* Waqt Extension (macOS) */;
		};
		D45F5A6D2FB91E6000DD8847 /* Exceptions for "Shared (Extension)" folder in "Waqt Extension (iOS)" target */ = {
			isa = PBXFileSystemSynchronizedBuildFileExceptionSet;
			membershipExceptions = (
				Resources/_locales,
				Resources/background.js,
				Resources/content.js,
				Resources/images,
				Resources/manifest.json,
				Resources/popup.css,
				Resources/popup.html,
				Resources/popup.js,
				SafariWebExtensionHandler.swift,
			);
			target = D45F5A2B2FB91E6000DD8847 /* Waqt Extension (iOS) */;
		};
		D45F5A6E2FB91E6000DD8847 /* Exceptions for "Shared (Extension)" folder in "Waqt Extension (macOS)" target */ = {
			isa = PBXFileSystemSynchronizedBuildFileExceptionSet;
			membershipExceptions = (
				Resources/_locales,
				Resources/background.js,
				Resources/content.js,
				Resources/images,
				Resources/manifest.json,
				Resources/popup.css,
				Resources/popup.html,
				Resources/popup.js,
				SafariWebExtensionHandler.swift,
			);
			target = D45F5A352FB91E6000DD8847 /* Waqt Extension (macOS) */;
		};
/* End PBXFileSystemSynchronizedBuildFileExceptionSet section */

/* Begin PBXFileSystemSynchronizedRootGroup section */
		D45F59F72FB91E5D00DD8847 /* Shared (App) */ = {
			isa = PBXFileSystemSynchronizedRootGroup;
			exceptions = (
				D45F5A5A2FB91E6000DD8847 /* Exceptions for "Shared (App)" folder in "Waqt (iOS)" target */,
				D45F5A642FB91E6000DD8847 /* Exceptions for "Shared (App)" folder in "Waqt (macOS)" target */,
			);
			path = "Shared (App)";
			sourceTree = "<group>";
		};
		D45F5A002FB91E6000DD8847 /* Shared (Extension) */ = {
			isa = PBXFileSystemSynchronizedRootGroup;
			exceptions = (
				D45F5A6D2FB91E6000DD8847 /* Exceptions for "Shared (Extension)" folder in "Waqt Extension (iOS)" target */,
				D45F5A6E2FB91E6000DD8847 /* Exceptions for "Shared (Extension)" folder in "Waqt Extension (macOS)" target */,
			);
			explicitFolders = (
				Resources/_locales,
				Resources/images,
			);
			path = "Shared (Extension)";
			sourceTree = "<group>";
		};
		D45F5A112FB91E6000DD8847 /* iOS (App) */ = {
			isa = PBXFileSystemSynchronizedRootGroup;
			exceptions = (
				D45F5A632FB91E6000DD8847 /* Exceptions for "iOS (App)" folder in "Waqt (iOS)" target */,
			);
			path = "iOS (App)";
			sourceTree = "<group>";
		};
		D45F5A222FB91E6000DD8847 /* macOS (App) */ = {
			isa = PBXFileSystemSynchronizedRootGroup;
			path = "macOS (App)";
			sourceTree = "<group>";
		};
		D45F5A302FB91E6000DD8847 /* iOS (Extension) */ = {
			isa = PBXFileSystemSynchronizedRootGroup;
			exceptions = (
				D45F5A5E2FB91E6000DD8847 /* Exceptions for "iOS (Extension)" folder in "Waqt Extension (iOS)" target */,
			);
			path = "iOS (Extension)";
			sourceTree = "<group>";
		};
		D45F5A3A2FB91E6000DD8847 /* macOS (Extension) */ = {
			isa = PBXFileSystemSynchronizedRootGroup;
			exceptions = (
				D45F5A682FB91E6000DD8847 /* Exceptions for "macOS (Extension)" folder in "Waqt Extension (macOS)" target */,
			);
			path = "macOS (Extension)";
			sourceTree = "<group>";
		};
/* End PBXFileSystemSynchronizedRootGroup section */

/* Begin PBXFrameworksBuildPhase section */
		D45F5A0C2FB91E6000DD8847 /* Frameworks */ = {
			isa = PBXFrameworksBuildPhase;
			buildActionMask = 2147483647;
			files = (
			);
			runOnlyForDeploymentPostprocessing = 0;
		};
		D45F5A1E2FB91E6000DD8847 /* Frameworks */ = {
			isa = PBXFrameworksBuildPhase;
			buildActionMask = 2147483647;
			files = (
			);
			runOnlyForDeploymentPostprocessing = 0;
		};
		D45F5A292FB91E6000DD8847 /* Frameworks */ = {
			isa = PBXFrameworksBuildPhase;
			buildActionMask = 2147483647;
			files = (
			);
			runOnlyForDeploymentPostprocessing = 0;
		};
		D45F5A332FB91E6000DD8847 /* Frameworks */ = {
			isa = PBXFrameworksBuildPhase;
			buildActionMask = 2147483647;
			files = (
			);
			runOnlyForDeploymentPostprocessing = 0;
		};
/* End PBXFrameworksBuildPhase section */

/* Begin PBXGroup section */
		D45F59F22FB91E5C00DD8847 = {
			isa = PBXGroup;
			children = (
				D45F59F72FB91E5D00DD8847 /* Shared (App) */,
				D45F5A002FB91E6000DD8847 /* Shared (Extension) */,
				D45F5A112FB91E6000DD8847 /* iOS (App) */,
				D45F5A222FB91E6000DD8847 /* macOS (App) */,
				D45F5A302FB91E6000DD8847 /* iOS (Extension) */,
				D45F5A3A2FB91E6000DD8847 /* macOS (Extension) */,
				D45F5A102FB91E6000DD8847 /* Products */,
			);
			sourceTree = "<group>";
		};
		D45F5A102FB91E6000DD8847 /* Products */ = {
			isa = PBXGroup;
			children = (
				D45F5A0F2FB91E6000DD8847 /* Waqt.app */,
				D45F5A212FB91E6000DD8847 /* Waqt.app */,
				D45F5A2C2FB91E6000DD8847 /* Waqt Extension.appex */,
				D45F5A362FB91E6000DD8847 /* Waqt Extension.appex */,
			);
			name = Products;
			sourceTree = "<group>";
		};
/* End PBXGroup section */

/* Begin PBXNativeTarget section */
		D45F5A0E2FB91E6000DD8847 /* Waqt (iOS) */ = {
			isa = PBXNativeTarget;
			buildConfigurationList = D45F5A602FB91E6000DD8847 /* Build configuration list for PBXNativeTarget "Waqt (iOS)" */;
			buildPhases = (
				D45F5A0B2FB91E6000DD8847 /* Sources */,
				D45F5A0C2FB91E6000DD8847 /* Frameworks */,
				D45F5A0D2FB91E6000DD8847 /* Resources */,
				D45F5A5F2FB91E6000DD8847 /* Embed Foundation Extensions */,
			);
			buildRules = (
			);
			dependencies = (
				D45F5A2F2FB91E6000DD8847 /* PBXTargetDependency */,
			);
			fileSystemSynchronizedGroups = (
				D45F5A112FB91E6000DD8847 /* iOS (App) */,
			);
			name = "Waqt (iOS)";
			packageProductDependencies = (
			);
			productName = "Waqt (iOS)";
			productReference = D45F5A0F2FB91E6000DD8847 /* Waqt.app */;
			productType = "com.apple.product-type.application";
		};
		D45F5A202FB91E6000DD8847 /* Waqt (macOS) */ = {
			isa = PBXNativeTarget;
			buildConfigurationList = D45F5A6A2FB91E6000DD8847 /* Build configuration list for PBXNativeTarget "Waqt (macOS)" */;
			buildPhases = (
				D45F5A1D2FB91E6000DD8847 /* Sources */,
				D45F5A1E2FB91E6000DD8847 /* Frameworks */,
				D45F5A1F2FB91E6000DD8847 /* Resources */,
				D45F5A692FB91E6000DD8847 /* Embed Foundation Extensions */,
			);
			buildRules = (
			);
			dependencies = (
				D45F5A392FB91E6000DD8847 /* PBXTargetDependency */,
			);
			fileSystemSynchronizedGroups = (
				D45F5A222FB91E6000DD8847 /* macOS (App) */,
			);
			name = "Waqt (macOS)";
			packageProductDependencies = (
			);
			productName = "Waqt (macOS)";
			productReference = D45F5A212FB91E6000DD8847 /* Waqt.app */;
			productType = "com.apple.product-type.application";
		};
		D45F5A2B2FB91E6000DD8847 /* Waqt Extension (iOS) */ = {
			isa = PBXNativeTarget;
			buildConfigurationList = D45F5A5B2FB91E6000DD8847 /* Build configuration list for PBXNativeTarget "Waqt Extension (iOS)" */;
			buildPhases = (
				D45F5A282FB91E6000DD8847 /* Sources */,
				D45F5A292FB91E6000DD8847 /* Frameworks */,
				D45F5A2A2FB91E6000DD8847 /* Resources */,
			);
			buildRules = (
			);
			dependencies = (
			);
			fileSystemSynchronizedGroups = (
				D45F5A302FB91E6000DD8847 /* iOS (Extension) */,
			);
			name = "Waqt Extension (iOS)";
			packageProductDependencies = (
			);
			productName = "Waqt Extension (iOS)";
			productReference = D45F5A2C2FB91E6000DD8847 /* Waqt Extension.appex */;
			productType = "com.apple.product-type.app-extension";
		};
		D45F5A352FB91E6000DD8847 /* Waqt Extension (macOS) */ = {
			isa = PBXNativeTarget;
			buildConfigurationList = D45F5A652FB91E6000DD8847 /* Build configuration list for PBXNativeTarget "Waqt Extension (macOS)" */;
			buildPhases = (
				D45F5A322FB91E6000DD8847 /* Sources */,
				D45F5A332FB91E6000DD8847 /* Frameworks */,
				D45F5A342FB91E6000DD8847 /* Resources */,
			);
			buildRules = (
			);
			dependencies = (
			);
			fileSystemSynchronizedGroups = (
				D45F5A3A2FB91E6000DD8847 /* macOS (Extension) */,
			);
			name = "Waqt Extension (macOS)";
			packageProductDependencies = (
			);
			productName = "Waqt Extension (macOS)";
			productReference = D45F5A362FB91E6000DD8847 /* Waqt Extension.appex */;
			productType = "com.apple.product-type.app-extension";
		};
/* End PBXNativeTarget section */

/* Begin PBXProject section */
		D45F59F32FB91E5C00DD8847 /* Project object */ = {
			isa = PBXProject;
			attributes = {
				BuildIndependentTargetsInParallel = 1;
				LastSwiftUpdateCheck = 2650;
				LastUpgradeCheck = 2650;
				TargetAttributes = {
					D45F5A0E2FB91E6000DD8847 = {
						CreatedOnToolsVersion = 26.5;
					};
					D45F5A202FB91E6000DD8847 = {
						CreatedOnToolsVersion = 26.5;
					};
					D45F5A2B2FB91E6000DD8847 = {
						CreatedOnToolsVersion = 26.5;
					};
					D45F5A352FB91E6000DD8847 = {
						CreatedOnToolsVersion = 26.5;
					};
				};
			};
			buildConfigurationList = D45F59F62FB91E5C00DD8847 /* Build configuration list for PBXProject "Waqt" */;
			developmentRegion = en;
			hasScannedForEncodings = 0;
			knownRegions = (
				en,
				Base,
			);
			mainGroup = D45F59F22FB91E5C00DD8847;
			minimizedProjectReferenceProxies = 1;
			preferredProjectObjectVersion = 77;
			productRefGroup = D45F5A102FB91E6000DD8847 /* Products */;
			projectDirPath = "";
			projectRoot = "";
			targets = (
				D45F5A0E2FB91E6000DD8847 /* Waqt (iOS) */,
				D45F5A202FB91E6000DD8847 /* Waqt (macOS) */,
				D45F5A2B2FB91E6000DD8847 /* Waqt Extension (iOS) */,
				D45F5A352FB91E6000DD8847 /* Waqt Extension (macOS) */,
			);
		};
/* End PBXProject section */

/* Begin PBXResourcesBuildPhase section */
		D45F5A0D2FB91E6000DD8847 /* Resources */ = {
			isa = PBXResourcesBuildPhase;
			buildActionMask = 2147483647;
			files = (
			);
			runOnlyForDeploymentPostprocessing = 0;
		};
		D45F5A1F2FB91E6000DD8847 /* Resources */ = {
			isa = PBXResourcesBuildPhase;
			buildActionMask = 2147483647;
			files = (
			);
			runOnlyForDeploymentPostprocessing = 0;
		};
		D45F5A2A2FB91E6000DD8847 /* Resources */ = {
			isa = PBXResourcesBuildPhase;
			buildActionMask = 2147483647;
			files = (
			);
			runOnlyForDeploymentPostprocessing = 0;
		};
		D45F5A342FB91E6000DD8847 /* Resources */ = {
			isa = PBXResourcesBuildPhase;
			buildActionMask = 2147483647;
			files = (
			);
			runOnlyForDeploymentPostprocessing = 0;
		};
/* End PBXResourcesBuildPhase section */

/* Begin PBXSourcesBuildPhase section */
		D45F5A0B2FB91E6000DD8847 /* Sources */ = {
			isa = PBXSourcesBuildPhase;
			buildActionMask = 2147483647;
			files = (
			);
			runOnlyForDeploymentPostprocessing = 0;
		};
		D45F5A1D2FB91E6000DD8847 /* Sources */ = {
			isa = PBXSourcesBuildPhase;
			buildActionMask = 2147483647;
			files = (
			);
			runOnlyForDeploymentPostprocessing = 0;
		};
		D45F5A282FB91E6000DD8847 /* Sources */ = {
			isa = PBXSourcesBuildPhase;
			buildActionMask = 2147483647;
			files = (
			);
			runOnlyForDeploymentPostprocessing = 0;
		};
		D45F5A322FB91E6000DD8847 /* Sources */ = {
			isa = PBXSourcesBuildPhase;
			buildActionMask = 2147483647;
			files = (
			);
			runOnlyForDeploymentPostprocessing = 0;
		};
/* End PBXSourcesBuildPhase section */

/* Begin PBXTargetDependency section */
		D45F5A2F2FB91E6000DD8847 /* PBXTargetDependency */ = {
			isa = PBXTargetDependency;
			target = D45F5A2B2FB91E6000DD8847 /* Waqt Extension (iOS) */;
			targetProxy = D45F5A2E2FB91E6000DD8847 /* PBXContainerItemProxy */;
		};
		D45F5A392FB91E6000DD8847 /* PBXTargetDependency */ = {
			isa = PBXTargetDependency;
			target = D45F5A352FB91E6000DD8847 /* Waqt Extension (macOS) */;
			targetProxy = D45F5A382FB91E6000DD8847 /* PBXContainerItemProxy */;
		};
/* End PBXTargetDependency section */

/* Begin XCBuildConfiguration section */
		D45F5A5C2FB91E6000DD8847 /* Debug */ = {
			isa = XCBuildConfiguration;
			buildSettings = {
				CODE_SIGN_STYLE = Automatic;
				CURRENT_PROJECT_VERSION = 1;
				DEVELOPMENT_TEAM = JN4QV9BKDH;
				GENERATE_INFOPLIST_FILE = YES;
				INFOPLIST_FILE = "iOS (Extension)/Info.plist";
				INFOPLIST_KEY_CFBundleDisplayName = "Waqt Extension";
				INFOPLIST_KEY_NSHumanReadableCopyright = "";
				IPHONEOS_DEPLOYMENT_TARGET = 15.0;
				LD_RUNPATH_SEARCH_PATHS = (
					"$(inherited)",
					"@executable_path/Frameworks",
					"@executable_path/../../Frameworks",
				);
				MARKETING_VERSION = 1.0;
				OTHER_LDFLAGS = (
					"-framework",
					SafariServices,
				);
				PRODUCT_BUNDLE_IDENTIFIER = com.rafan.Waqt.Extension;
				PRODUCT_NAME = "Waqt Extension";
				SDKROOT = iphoneos;
				SKIP_INSTALL = YES;
				STRING_CATALOG_GENERATE_SYMBOLS = YES;
				SWIFT_APPROACHABLE_CONCURRENCY = YES;
				SWIFT_EMIT_LOC_STRINGS = YES;
				SWIFT_UPCOMING_FEATURE_MEMBER_IMPORT_VISIBILITY = YES;
				SWIFT_VERSION = 5.0;
				TARGETED_DEVICE_FAMILY = "1,2";
			};
			name = Debug;
		};
		D45F5A5D2FB91E6000DD8847 /* Release */ = {
			isa = XCBuildConfiguration;
			buildSettings = {
				CODE_SIGN_STYLE = Automatic;
				CURRENT_PROJECT_VERSION = 1;
				DEVELOPMENT_TEAM = JN4QV9BKDH;
				GENERATE_INFOPLIST_FILE = YES;
				INFOPLIST_FILE = "iOS (Extension)/Info.plist";
				INFOPLIST_KEY_CFBundleDisplayName = "Waqt Extension";
				INFOPLIST_KEY_NSHumanReadableCopyright = "";
				IPHONEOS_DEPLOYMENT_TARGET = 15.0;
				LD_RUNPATH_SEARCH_PATHS = (
					"$(inherited)",
					"@executable_path/Frameworks",
					"@executable_path/../../Frameworks",
				);
				MARKETING_VERSION = 1.0;
				OTHER_LDFLAGS = (
					"-framework",
					SafariServices,
				);
				PRODUCT_BUNDLE_IDENTIFIER = com.rafan.Waqt.Extension;
				PRODUCT_NAME = "Waqt Extension";
				SDKROOT = iphoneos;
				SKIP_INSTALL = YES;
				STRING_CATALOG_GENERATE_SYMBOLS = YES;
				SWIFT_APPROACHABLE_CONCURRENCY = YES;
				SWIFT_EMIT_LOC_STRINGS = YES;
				SWIFT_UPCOMING_FEATURE_MEMBER_IMPORT_VISIBILITY = YES;
				SWIFT_VERSION = 5.0;
				TARGETED_DEVICE_FAMILY = "1,2";
				VALIDATE_PRODUCT = YES;
			};
			name = Release;
		};
		D45F5A612FB91E6000DD8847 /* Debug */ = {
			isa = XCBuildConfiguration;
			buildSettings = {
				ASSETCATALOG_COMPILER_APPICON_NAME = AppIcon;
				ASSETCATALOG_COMPILER_GLOBAL_ACCENT_COLOR_NAME = AccentColor;
				CODE_SIGN_STYLE = Automatic;
				CURRENT_PROJECT_VERSION = 1;
				DEVELOPMENT_TEAM = JN4QV9BKDH;
				GENERATE_INFOPLIST_FILE = YES;
				INFOPLIST_FILE = "iOS (App)/Info.plist";
				INFOPLIST_KEY_CFBundleDisplayName = Waqt;
				INFOPLIST_KEY_UIApplicationSupportsIndirectInputEvents = YES;
				INFOPLIST_KEY_UILaunchStoryboardName = LaunchScreen;
				INFOPLIST_KEY_UIMainStoryboardFile = Main;
				INFOPLIST_KEY_UISupportedInterfaceOrientations = "UIInterfaceOrientationPortrait UIInterfaceOrientationLandscapeLeft UIInterfaceOrientationLandscapeRight";
				INFOPLIST_KEY_UISupportedInterfaceOrientations_iPad = "UIInterfaceOrientationPortrait UIInterfaceOrientationPortraitUpsideDown UIInterfaceOrientationLandscapeLeft UIInterfaceOrientationLandscapeRight";
				IPHONEOS_DEPLOYMENT_TARGET = 15.0;
				LD_RUNPATH_SEARCH_PATHS = (
					"$(inherited)",
					"@executable_path/Frameworks",
				);
				MARKETING_VERSION = 1.0;
				OTHER_LDFLAGS = (
					"-framework",
					SafariServices,
					"-framework",
					WebKit,
				);
				PRODUCT_BUNDLE_IDENTIFIER = com.rafan.Waqt;
				PRODUCT_NAME = Waqt;
				SDKROOT = iphoneos;
				STRING_CATALOG_GENERATE_SYMBOLS = YES;
				SWIFT_APPROACHABLE_CONCURRENCY = YES;
				SWIFT_DEFAULT_ACTOR_ISOLATION = MainActor;
				SWIFT_EMIT_LOC_STRINGS = YES;
				SWIFT_UPCOMING_FEATURE_MEMBER_IMPORT_VISIBILITY = YES;
				SWIFT_VERSION = 5.0;
				TARGETED_DEVICE_FAMILY = "1,2";
			};
			name = Debug;
		};
		D45F5A622FB91E6000DD8847 /* Release */ = {
			isa = XCBuildConfiguration;
			buildSettings = {
				ASSETCATALOG_COMPILER_APPICON_NAME = AppIcon;
				ASSETCATALOG_COMPILER_GLOBAL_ACCENT_COLOR_NAME = AccentColor;
				CODE_SIGN_STYLE = Automatic;
				CURRENT_PROJECT_VERSION = 1;
				DEVELOPMENT_TEAM = JN4QV9BKDH;
				GENERATE_INFOPLIST_FILE = YES;
				INFOPLIST_FILE = "iOS (App)/Info.plist";
				INFOPLIST_KEY_CFBundleDisplayName = Waqt;
				INFOPLIST_KEY_UIApplicationSupportsIndirectInputEvents = YES;
				INFOPLIST_KEY_UILaunchStoryboardName = LaunchScreen;
				INFOPLIST_KEY_UIMainStoryboardFile = Main;
				INFOPLIST_KEY_UISupportedInterfaceOrientations = "UIInterfaceOrientationPortrait UIInterfaceOrientationLandscapeLeft UIInterfaceOrientationLandscapeRight";
				INFOPLIST_KEY_UISupportedInterfaceOrientations_iPad = "UIInterfaceOrientationPortrait UIInterfaceOrientationPortraitUpsideDown UIInterfaceOrientationLandscapeLeft UIInterfaceOrientationLandscapeRight";
				IPHONEOS_DEPLOYMENT_TARGET = 15.0;
				LD_RUNPATH_SEARCH_PATHS = (
					"$(inherited)",
					"@executable_path/Frameworks",
				);
				MARKETING_VERSION = 1.0;
				OTHER_LDFLAGS = (
					"-framework",
					SafariServices,
					"-framework",
					WebKit,
				);
				PRODUCT_BUNDLE_IDENTIFIER = com.rafan.Waqt;
				PRODUCT_NAME = Waqt;
				SDKROOT = iphoneos;
				STRING_CATALOG_GENERATE_SYMBOLS = YES;
				SWIFT_APPROACHABLE_CONCURRENCY = YES;
				SWIFT_DEFAULT_ACTOR_ISOLATION = MainActor;
				SWIFT_EMIT_LOC_STRINGS = YES;
				SWIFT_UPCOMING_FEATURE_MEMBER_IMPORT_VISIBILITY = YES;
				SWIFT_VERSION = 5.0;
				TARGETED_DEVICE_FAMILY = "1,2";
				VALIDATE_PRODUCT = YES;
			};
			name = Release;
		};
		D45F5A662FB91E6000DD8847 /* Debug */ = {
			isa = XCBuildConfiguration;
			buildSettings = {
				CODE_SIGN_STYLE = Automatic;
				CURRENT_PROJECT_VERSION = 1;
				DEVELOPMENT_TEAM = JN4QV9BKDH;
				ENABLE_APP_SANDBOX = YES;
				ENABLE_HARDENED_RUNTIME = YES;
				ENABLE_USER_SELECTED_FILES = readonly;
				GENERATE_INFOPLIST_FILE = YES;
				INFOPLIST_FILE = "macOS (Extension)/Info.plist";
				INFOPLIST_KEY_CFBundleDisplayName = "Waqt Extension";
				INFOPLIST_KEY_NSHumanReadableCopyright = "";
				LD_RUNPATH_SEARCH_PATHS = (
					"$(inherited)",
					"@executable_path/../Frameworks",
					"@executable_path/../../../../Frameworks",
				);
				MACOSX_DEPLOYMENT_TARGET = 10.14;
				MARKETING_VERSION = 1.0;
				OTHER_LDFLAGS = (
					"-framework",
					SafariServices,
				);
				PRODUCT_BUNDLE_IDENTIFIER = com.rafan.Waqt.Extension;
				PRODUCT_NAME = "Waqt Extension";
				SDKROOT = macosx;
				SKIP_INSTALL = YES;
				STRING_CATALOG_GENERATE_SYMBOLS = YES;
				SWIFT_APPROACHABLE_CONCURRENCY = YES;
				SWIFT_EMIT_LOC_STRINGS = YES;
				SWIFT_UPCOMING_FEATURE_MEMBER_IMPORT_VISIBILITY = YES;
				SWIFT_VERSION = 5.0;
			};
			name = Debug;
		};
		D45F5A672FB91E6000DD8847 /* Release */ = {
			isa = XCBuildConfiguration;
			buildSettings = {
				CODE_SIGN_STYLE = Automatic;
				CURRENT_PROJECT_VERSION = 1;
				DEVELOPMENT_TEAM = JN4QV9BKDH;
				ENABLE_APP_SANDBOX = YES;
				ENABLE_HARDENED_RUNTIME = YES;
				ENABLE_USER_SELECTED_FILES = readonly;
				GENERATE_INFOPLIST_FILE = YES;
				INFOPLIST_FILE = "macOS (Extension)/Info.plist";
				INFOPLIST_KEY_CFBundleDisplayName = "Waqt Extension";
				INFOPLIST_KEY_NSHumanReadableCopyright = "";
				LD_RUNPATH_SEARCH_PATHS = (
					"$(inherited)",
					"@executable_path/../Frameworks",
					"@executable_path/../../../../Frameworks",
				);
				MACOSX_DEPLOYMENT_TARGET = 10.14;
				MARKETING_VERSION = 1.0;
				OTHER_LDFLAGS = (
					"-framework",
					SafariServices,
				);
				PRODUCT_BUNDLE_IDENTIFIER = com.rafan.Waqt.Extension;
				PRODUCT_NAME = "Waqt Extension";
				SDKROOT = macosx;
				SKIP_INSTALL = YES;
				STRING_CATALOG_GENERATE_SYMBOLS = YES;
				SWIFT_APPROACHABLE_CONCURRENCY = YES;
				SWIFT_EMIT_LOC_STRINGS = YES;
				SWIFT_UPCOMING_FEATURE_MEMBER_IMPORT_VISIBILITY = YES;
				SWIFT_VERSION = 5.0;
			};
			name = Release;
		};
		D45F5A6B2FB91E6000DD8847 /* Debug */ = {
			isa = XCBuildConfiguration;
			buildSettings = {
				ASSETCATALOG_COMPILER_APPICON_NAME = AppIcon;
				ASSETCATALOG_COMPILER_GLOBAL_ACCENT_COLOR_NAME = AccentColor;
				CODE_SIGN_STYLE = Automatic;
				CURRENT_PROJECT_VERSION = 1;
				DEVELOPMENT_TEAM = JN4QV9BKDH;
				ENABLE_APP_SANDBOX = YES;
				ENABLE_HARDENED_RUNTIME = YES;
				ENABLE_OUTGOING_NETWORK_CONNECTIONS = YES;
				ENABLE_USER_SELECTED_FILES = readonly;
				GENERATE_INFOPLIST_FILE = YES;
				INFOPLIST_KEY_CFBundleDisplayName = Waqt;
				INFOPLIST_KEY_NSMainStoryboardFile = Main;
				INFOPLIST_KEY_NSPrincipalClass = NSApplication;
				LD_RUNPATH_SEARCH_PATHS = (
					"$(inherited)",
					"@executable_path/../Frameworks",
				);
				MACOSX_DEPLOYMENT_TARGET = 10.14;
				MARKETING_VERSION = 1.0;
				OTHER_LDFLAGS = (
					"-framework",
					SafariServices,
					"-framework",
					WebKit,
				);
				PRODUCT_BUNDLE_IDENTIFIER = com.rafan.Waqt;
				PRODUCT_NAME = Waqt;
				REGISTER_APP_GROUPS = YES;
				SDKROOT = macosx;
				STRING_CATALOG_GENERATE_SYMBOLS = YES;
				SWIFT_APPROACHABLE_CONCURRENCY = YES;
				SWIFT_DEFAULT_ACTOR_ISOLATION = MainActor;
				SWIFT_EMIT_LOC_STRINGS = YES;
				SWIFT_UPCOMING_FEATURE_MEMBER_IMPORT_VISIBILITY = YES;
				SWIFT_VERSION = 5.0;
			};
			name = Debug;
		};
		D45F5A6C2FB91E6000DD8847 /* Release */ = {
			isa = XCBuildConfiguration;
			buildSettings = {
				ASSETCATALOG_COMPILER_APPICON_NAME = AppIcon;
				ASSETCATALOG_COMPILER_GLOBAL_ACCENT_COLOR_NAME = AccentColor;
				CODE_SIGN_STYLE = Automatic;
				CURRENT_PROJECT_VERSION = 1;
				DEVELOPMENT_TEAM = JN4QV9BKDH;
				ENABLE_APP_SANDBOX = YES;
				ENABLE_HARDENED_RUNTIME = YES;
				ENABLE_OUTGOING_NETWORK_CONNECTIONS = YES;
				ENABLE_USER_SELECTED_FILES = readonly;
				GENERATE_INFOPLIST_FILE = YES;
				INFOPLIST_KEY_CFBundleDisplayName = Waqt;
				INFOPLIST_KEY_NSMainStoryboardFile = Main;
				INFOPLIST_KEY_NSPrincipalClass = NSApplication;
				LD_RUNPATH_SEARCH_PATHS = (
					"$(inherited)",
					"@executable_path/../Frameworks",
				);
				MACOSX_DEPLOYMENT_TARGET = 10.14;
				MARKETING_VERSION = 1.0;
				OTHER_LDFLAGS = (
					"-framework",
					SafariServices,
					"-framework",
					WebKit,
				);
				PRODUCT_BUNDLE_IDENTIFIER = com.rafan.Waqt;
				PRODUCT_NAME = Waqt;
				REGISTER_APP_GROUPS = YES;
				SDKROOT = macosx;
				STRING_CATALOG_GENERATE_SYMBOLS = YES;
				SWIFT_APPROACHABLE_CONCURRENCY = YES;
				SWIFT_DEFAULT_ACTOR_ISOLATION = MainActor;
				SWIFT_EMIT_LOC_STRINGS = YES;
				SWIFT_UPCOMING_FEATURE_MEMBER_IMPORT_VISIBILITY = YES;
				SWIFT_VERSION = 5.0;
			};
			name = Release;
		};
		D45F5A6F2FB91E6000DD8847 /* Debug */ = {
			isa = XCBuildConfiguration;
			buildSettings = {
				ALWAYS_SEARCH_USER_PATHS = NO;
				ASSETCATALOG_COMPILER_GENERATE_SWIFT_ASSET_SYMBOL_EXTENSIONS = YES;
				CLANG_ANALYZER_NONNULL = YES;
				CLANG_ANALYZER_NUMBER_OBJECT_CONVERSION = YES_AGGRESSIVE;
				CLANG_CXX_LANGUAGE_STANDARD = "gnu++20";
				CLANG_ENABLE_MODULES = YES;
				CLANG_ENABLE_OBJC_ARC = YES;
				CLANG_ENABLE_OBJC_WEAK = YES;
				CLANG_WARN_BLOCK_CAPTURE_AUTORELEASING = YES;
				CLANG_WARN_BOOL_CONVERSION = YES;
				CLANG_WARN_COMMA = YES;
				CLANG_WARN_CONSTANT_CONVERSION = YES;
				CLANG_WARN_DEPRECATED_OBJC_IMPLEMENTATIONS = YES;
				CLANG_WARN_DIRECT_OBJC_ISA_USAGE = YES_ERROR;
				CLANG_WARN_DOCUMENTATION_COMMENTS = YES;
				CLANG_WARN_EMPTY_BODY = YES;
				CLANG_WARN_ENUM_CONVERSION = YES;
				CLANG_WARN_INFINITE_RECURSION = YES;
				CLANG_WARN_INT_CONVERSION = YES;
				CLANG_WARN_NON_LITERAL_NULL_CONVERSION = YES;
				CLANG_WARN_OBJC_IMPLICIT_RETAIN_SELF = YES;
				CLANG_WARN_OBJC_LITERAL_CONVERSION = YES;
				CLANG_WARN_OBJC_ROOT_CLASS = YES_ERROR;
				CLANG_WARN_QUOTED_INCLUDE_IN_FRAMEWORK_HEADER = YES;
				CLANG_WARN_RANGE_LOOP_ANALYSIS = YES;
				CLANG_WARN_STRICT_PROTOTYPES = YES;
				CLANG_WARN_SUSPICIOUS_MOVE = YES;
				CLANG_WARN_UNGUARDED_AVAILABILITY = YES_AGGRESSIVE;
				CLANG_WARN_UNREACHABLE_CODE = YES;
				CLANG_WARN__DUPLICATE_METHOD_MATCH = YES;
				COPY_PHASE_STRIP = NO;
				DEBUG_INFORMATION_FORMAT = dwarf;
				DEVELOPMENT_TEAM = JN4QV9BKDH;
				ENABLE_STRICT_OBJC_MSGSEND = YES;
				ENABLE_TESTABILITY = YES;
				ENABLE_USER_SCRIPT_SANDBOXING = YES;
				GCC_C_LANGUAGE_STANDARD = gnu17;
				GCC_DYNAMIC_NO_PIC = NO;
				GCC_NO_COMMON_BLOCKS = YES;
				GCC_OPTIMIZATION_LEVEL = 0;
				GCC_PREPROCESSOR_DEFINITIONS = (
					"DEBUG=1",
					"$(inherited)",
				);
				GCC_WARN_64_TO_32_BIT_CONVERSION = YES;
				GCC_WARN_ABOUT_RETURN_TYPE = YES_ERROR;
				GCC_WARN_UNDECLARED_SELECTOR = YES;
				GCC_WARN_UNINITIALIZED_AUTOS = YES_AGGRESSIVE;
				GCC_WARN_UNUSED_FUNCTION = YES;
				GCC_WARN_UNUSED_VARIABLE = YES;
				LOCALIZATION_PREFERS_STRING_CATALOGS = YES;
				MTL_ENABLE_DEBUG_INFO = INCLUDE_SOURCE;
				MTL_FAST_MATH = YES;
				ONLY_ACTIVE_ARCH = YES;
				SWIFT_ACTIVE_COMPILATION_CONDITIONS = "DEBUG $(inherited)";
				SWIFT_OPTIMIZATION_LEVEL = "-Onone";
			};
			name = Debug;
		};
		D45F5A702FB91E6000DD8847 /* Release */ = {
			isa = XCBuildConfiguration;
			buildSettings = {
				ALWAYS_SEARCH_USER_PATHS = NO;
				ASSETCATALOG_COMPILER_GENERATE_SWIFT_ASSET_SYMBOL_EXTENSIONS = YES;
				CLANG_ANALYZER_NONNULL = YES;
				CLANG_ANALYZER_NUMBER_OBJECT_CONVERSION = YES_AGGRESSIVE;
				CLANG_CXX_LANGUAGE_STANDARD = "gnu++20";
				CLANG_ENABLE_MODULES = YES;
				CLANG_ENABLE_OBJC_ARC = YES;
				CLANG_ENABLE_OBJC_WEAK = YES;
				CLANG_WARN_BLOCK_CAPTURE_AUTORELEASING = YES;
				CLANG_WARN_BOOL_CONVERSION = YES;
				CLANG_WARN_COMMA = YES;
				CLANG_WARN_CONSTANT_CONVERSION = YES;
				CLANG_WARN_DEPRECATED_OBJC_IMPLEMENTATIONS = YES;
				CLANG_WARN_DIRECT_OBJC_ISA_USAGE = YES_ERROR;
				CLANG_WARN_DOCUMENTATION_COMMENTS = YES;
				CLANG_WARN_EMPTY_BODY = YES;
				CLANG_WARN_ENUM_CONVERSION = YES;
				CLANG_WARN_INFINITE_RECURSION = YES;
				CLANG_WARN_INT_CONVERSION = YES;
				CLANG_WARN_NON_LITERAL_NULL_CONVERSION = YES;
				CLANG_WARN_OBJC_IMPLICIT_RETAIN_SELF = YES;
				CLANG_WARN_OBJC_LITERAL_CONVERSION = YES;
				CLANG_WARN_OBJC_ROOT_CLASS = YES_ERROR;
				CLANG_WARN_QUOTED_INCLUDE_IN_FRAMEWORK_HEADER = YES;
				CLANG_WARN_RANGE_LOOP_ANALYSIS = YES;
				CLANG_WARN_STRICT_PROTOTYPES = YES;
				CLANG_WARN_SUSPICIOUS_MOVE = YES;
				CLANG_WARN_UNGUARDED_AVAILABILITY = YES_AGGRESSIVE;
				CLANG_WARN_UNREACHABLE_CODE = YES;
				CLANG_WARN__DUPLICATE_METHOD_MATCH = YES;
				COPY_PHASE_STRIP = NO;
				DEBUG_INFORMATION_FORMAT = "dwarf-with-dsym";
				DEVELOPMENT_TEAM = JN4QV9BKDH;
				ENABLE_NS_ASSERTIONS = NO;
				ENABLE_STRICT_OBJC_MSGSEND = YES;
				ENABLE_USER_SCRIPT_SANDBOXING = YES;
				GCC_C_LANGUAGE_STANDARD = gnu17;
				GCC_NO_COMMON_BLOCKS = YES;
				GCC_WARN_64_TO_32_BIT_CONVERSION = YES;
				GCC_WARN_ABOUT_RETURN_TYPE = YES_ERROR;
				GCC_WARN_UNDECLARED_SELECTOR = YES;
				GCC_WARN_UNINITIALIZED_AUTOS = YES_AGGRESSIVE;
				GCC_WARN_UNUSED_FUNCTION = YES;
				GCC_WARN_UNUSED_VARIABLE = YES;
				LOCALIZATION_PREFERS_STRING_CATALOGS = YES;
				MTL_ENABLE_DEBUG_INFO = NO;
				MTL_FAST_MATH = YES;
				SWIFT_COMPILATION_MODE = wholemodule;
			};
			name = Release;
		};
/* End XCBuildConfiguration section */

/* Begin XCConfigurationList section */
		D45F59F62FB91E5C00DD8847 /* Build configuration list for PBXProject "Waqt" */ = {
			isa = XCConfigurationList;
			buildConfigurations = (
				D45F5A6F2FB91E6000DD8847 /* Debug */,
				D45F5A702FB91E6000DD8847 /* Release */,
			);
			defaultConfigurationIsVisible = 0;
			defaultConfigurationName = Release;
		};
		D45F5A5B2FB91E6000DD8847 /* Build configuration list for PBXNativeTarget "Waqt Extension (iOS)" */ = {
			isa = XCConfigurationList;
			buildConfigurations = (
				D45F5A5C2FB91E6000DD8847 /* Debug */,
				D45F5A5D2FB91E6000DD8847 /* Release */,
			);
			defaultConfigurationIsVisible = 0;
			defaultConfigurationName = Release;
		};
		D45F5A602FB91E6000DD8847 /* Build configuration list for PBXNativeTarget "Waqt (iOS)" */ = {
			isa = XCConfigurationList;
			buildConfigurations = (
				D45F5A612FB91E6000DD8847 /* Debug */,
				D45F5A622FB91E6000DD8847 /* Release */,
			);
			defaultConfigurationIsVisible = 0;
			defaultConfigurationName = Release;
		};
		D45F5A652FB91E6000DD8847 /* Build configuration list for PBXNativeTarget "Waqt Extension (macOS)" */ = {
			isa = XCConfigurationList;
			buildConfigurations = (
				D45F5A662FB91E6000DD8847 /* Debug */,
				D45F5A672FB91E6000DD8847 /* Release */,
			);
			defaultConfigurationIsVisible = 0;
			defaultConfigurationName = Release;
		};
		D45F5A6A2FB91E6000DD8847 /* Build configuration list for PBXNativeTarget "Waqt (macOS)" */ = {
			isa = XCConfigurationList;
			buildConfigurations = (
				D45F5A6B2FB91E6000DD8847 /* Debug */,
				D45F5A6C2FB91E6000DD8847 /* Release */,
			);
			defaultConfigurationIsVisible = 0;
			defaultConfigurationName = Release;
		};
/* End XCConfigurationList section */
	};
	rootObject = D45F59F32FB91E5C00DD8847 /* Project object */;
}
